// !$*UTF8*$!
{
	archiveVersion = 1;
	classes = {
	};
	objectVersion = 77;
	objects = {

/* Begin PBXBuildFile section */
		FC4261B82CF72B950076BA94 /* CombineCocoa in Frameworks */ = {isa = PBXBuildFile; productRef = FC4261B72CF72B950076BA94 /* CombineCocoa */; };
		FC4261BB2CF730CD0076BA94 /* ErrorViewController.xib in Resources */ = {isa = PBXBuildFile; fileRef = FC4261BA2CF730CD0076BA94 /* ErrorViewController.xib */; };
		FC4261BC2CF730CD0076BA94 /* ErrorViewController.swift in Sources */ = {isa = PBXBuildFile; fileRef = FC4261B92CF730CD0076BA94 /* ErrorViewController.swift */; };
		FC4261C32CF73C260076BA94 /* Localizable.strings in Resources */ = {isa = PBXBuildFile; fileRef = FC4261C12CF73C260076BA94 /* Localizable.strings */; };
		FC4261C42CF73C260076BA94 /* Localizable.strings in Resources */ = {isa = PBXBuildFile; fileRef = FC4261C12CF73C260076BA94 /* Localizable.strings */; };
		FC4261CA2CF76FA40076BA94 /* NetworkLoginProtocol.swift in Sources */ = {isa = PBXBuildFile; fileRef = FC4261C92CF76FA40076BA94 /* NetworkLoginProtocol.swift */; };
		FC780CF52CF647DA00D52D23 /* AppDelegate.swift in Sources */ = {isa = PBXBuildFile; fileRef = FC780CEB2CF647DA00D52D23 /* AppDelegate.swift */; };
		FC780CF62CF647DA00D52D23 /* SceneDelegate.swift in Sources */ = {isa = PBXBuildFile; fileRef = FC780CF22CF647DA00D52D23 /* SceneDelegate.swift */; };
		FC780CF82CF647DA00D52D23 /* Assets.xcassets in Resources */ = {isa = PBXBuildFile; fileRef = FC780CEC2CF647DA00D52D23 /* Assets.xcassets */; };
		FC780CFA2CF647DA00D52D23 /* LaunchScreen.storyboard in Resources */ = {isa = PBXBuildFile; fileRef = FC780CEF2CF647DA00D52D23 /* LaunchScreen.storyboard */; };
		FC780D132CF64D9200D52D23 /* LoginViewController.swift in Sources */ = {isa = PBXBuildFile; fileRef = FC780D102CF64D9200D52D23 /* LoginViewController.swift */; };
		FC780D152CF64F1500D52D23 /* LoginView.swift in Sources */ = {isa = PBXBuildFile; fileRef = FC780D142CF64F1500D52D23 /* LoginView.swift */; };
		FC780D172CF65C4E00D52D23 /* AppState.swift in Sources */ = {isa = PBXBuildFile; fileRef = FC780D162CF65C4E00D52D23 /* AppState.swift */; };
		FC780D192CF65D8500D52D23 /* LoginUseCase.swift in Sources */ = {isa = PBXBuildFile; fileRef = FC780D182CF65D8500D52D23 /* LoginUseCase.swift */; };
		FC780D1B2CF65DAC00D52D23 /* LoginRepositoryProtocol.swift in Sources */ = {isa = PBXBuildFile; fileRef = FC780D1A2CF65D9F00D52D23 /* LoginRepositoryProtocol.swift */; };
		FC780D1D2CF65E3C00D52D23 /* LoginUseCaseProtocol.swift in Sources */ = {isa = PBXBuildFile; fileRef = FC780D1C2CF65E3300D52D23 /* LoginUseCaseProtocol.swift */; };
		FC780D1F2CF65EA900D52D23 /* EndPoints.swift in Sources */ = {isa = PBXBuildFile; fileRef = FC780D1E2CF65EA500D52D23 /* EndPoints.swift */; };
		FC780D212CF65F2E00D52D23 /* HTTPResponseCodes.swift in Sources */ = {isa = PBXBuildFile; fileRef = FC780D202CF65F2E00D52D23 /* HTTPResponseCodes.swift */; };
		FC780D232CF65F7E00D52D23 /* HTTPMethods.swift in Sources */ = {isa = PBXBuildFile; fileRef = FC780D222CF65F7E00D52D23 /* HTTPMethods.swift */; };
		FC780D262CF6602A00D52D23 /* ConstantsApp.swift in Sources */ = {isa = PBXBuildFile; fileRef = FC780D252CF6602A00D52D23 /* ConstantsApp.swift */; };
		FC780D2D2CF6643E00D52D23 /* LoginRepository.swift in Sources */ = {isa = PBXBuildFile; fileRef = FC780D2C2CF6643E00D52D23 /* LoginRepository.swift */; };
		FC780D322CF666A400D52D23 /* KCLibrarySwift in Frameworks */ = {isa = PBXBuildFile; productRef = FC780D312CF666A400D52D23 /* KCLibrarySwift */; };
		FCDE1B4D2CF77A4E001036A1 /* HerosModel.swift in Sources */ = {isa = PBXBuildFile; fileRef = FCDE1B4C2CF77A45001036A1 /* HerosModel.swift */; };
		FCDE1B4F2CF77C8D001036A1 /* HerosRepositoryProtocol.swift in Sources */ = {isa = PBXBuildFile; fileRef = FCDE1B4E2CF77C8D001036A1 /* HerosRepositoryProtocol.swift */; };
		FCDE1B512CF77D19001036A1 /* NetworkHeros.swift in Sources */ = {isa = PBXBuildFile; fileRef = FCDE1B502CF77D19001036A1 /* NetworkHeros.swift */; };
		FCDE1B552CF78144001036A1 /* HerosRepository.swift in Sources */ = {isa = PBXBuildFile; fileRef = FCDE1B542CF78144001036A1 /* HerosRepository.swift */; };
		FCDE1B592CF782B2001036A1 /* HerosUseCase.swift in Sources */ = {isa = PBXBuildFile; fileRef = FCDE1B582CF782B2001036A1 /* HerosUseCase.swift */; };
		FCFA3B9C2CF8684A007A378F /* HerosViewModel.swift in Sources */ = {isa = PBXBuildFile; fileRef = FCFA3B9B2CF8684A007A378F /* HerosViewModel.swift */; };
		FCFA3B9E2CF8697A007A378F /* HerosTableViewController.swift in Sources */ = {isa = PBXBuildFile; fileRef = FCFA3B9D2CF8697A007A378F /* HerosTableViewController.swift */; };
		FCFA3BA62CF87B7F007A378F /* UIImage&Extensions.swift in Sources */ = {isa = PBXBuildFile; fileRef = FCFA3BA52CF87B77007A378F /* UIImage&Extensions.swift */; };
		FCFA3BAA2CF87C16007A378F /* HerosTableViewCell.swift in Sources */ = {isa = PBXBuildFile; fileRef = FCFA3BA82CF87C16007A378F /* HerosTableViewCell.swift */; };
		FCFA3BAB2CF87C16007A378F /* HerosTableViewCell.xib in Resources */ = {isa = PBXBuildFile; fileRef = FCFA3BA92CF87C16007A378F /* HerosTableViewCell.xib */; };
		FCFA3BAE2CF889DD007A378F /* Heros.json in Resources */ = {isa = PBXBuildFile; fileRef = FCFA3BAD2CF889DD007A378F /* Heros.json */; };
		FCFA3BB42CF8900E007A378F /* NetworkTransformations.swift in Sources */ = {isa = PBXBuildFile; fileRef = FCFA3BB32CF8900E007A378F /* NetworkTransformations.swift */; };
		FCFA3BB62CF8908A007A378F /* TransformationsModel.swift in Sources */ = {isa = PBXBuildFile; fileRef = FCFA3BB52CF8907E007A378F /* TransformationsModel.swift */; };
		FCFA3BB82CF893AD007A378F /* TransformationsRepository.swift in Sources */ = {isa = PBXBuildFile; fileRef = FCFA3BB72CF893AD007A378F /* TransformationsRepository.swift */; };
		FCFA3BBA2CF89400007A378F /* TransformationsRepositoryProtocol.swift in Sources */ = {isa = PBXBuildFile; fileRef = FCFA3BB92CF89400007A378F /* TransformationsRepositoryProtocol.swift */; };
		FCFA3BBC2CF8975B007A378F /* TransformationsUseCase.swift in Sources */ = {isa = PBXBuildFile; fileRef = FCFA3BBB2CF8975B007A378F /* TransformationsUseCase.swift */; };
		FCFA3BBE2CF89AEE007A378F /* HeroDetailViewModel.swift in Sources */ = {isa = PBXBuildFile; fileRef = FCFA3BBD2CF89AEE007A378F /* HeroDetailViewModel.swift */; };
		FCFA3BC22CF8A041007A378F /* HeroeDetailViewController.swift in Sources */ = {isa = PBXBuildFile; fileRef = FCFA3BC02CF8A041007A378F /* HeroeDetailViewController.swift */; };
		FCFA3BC32CF8A041007A378F /* HeroeDetailViewController.xib in Resources */ = {isa = PBXBuildFile; fileRef = FCFA3BC12CF8A041007A378F /* HeroeDetailViewController.xib */; };
		FCFA3BC62CF8ABDD007A378F /* HeroeDetailCollectionViewCell.swift in Sources */ = {isa = PBXBuildFile; fileRef = FCFA3BC42CF8ABDD007A378F /* HeroeDetailCollectionViewCell.swift */; };
		FCFA3BC72CF8ABDD007A378F /* HeroeDetailCollectionViewCell.xib in Resources */ = {isa = PBXBuildFile; fileRef = FCFA3BC52CF8ABDD007A378F /* HeroeDetailCollectionViewCell.xib */; };
/* End PBXBuildFile section */

/* Begin PBXContainerItemProxy section */
		FC780CCE2CF6449700D52D23 /* PBXContainerItemProxy */ = {
			isa = PBXContainerItemProxy;
			containerPortal = FC780CAF2CF6449600D52D23 /* Project object */;
			proxyType = 1;
			remoteGlobalIDString = FC780CB62CF6449600D52D23;
			remoteInfo = PracticaCombineAsync;
		};
/* End PBXContainerItemProxy section */

/* Begin PBXFileReference section */
		FC4261B92CF730CD0076BA94 /* ErrorViewController.swift */ = {isa = PBXFileReference; lastKnownFileType = sourcecode.swift; path = ErrorViewController.swift; sourceTree = "<group>"; };
		FC4261BA2CF730CD0076BA94 /* ErrorViewController.xib */ = {isa = PBXFileReference; lastKnownFileType = file.xib; path = ErrorViewController.xib; sourceTree = "<group>"; };
		FC4261C22CF73C260076BA94 /* en */ = {isa = PBXFileReference; lastKnownFileType = text.plist.strings; name = en; path = en.lproj/Localizable.strings; sourceTree = "<group>"; };
		FC4261C52CF73CEE0076BA94 /* es */ = {isa = PBXFileReference; lastKnownFileType = text.plist.strings; name = es; path = es.lproj/LaunchScreen.strings; sourceTree = "<group>"; };
		FC4261C62CF73CF60076BA94 /* es */ = {isa = PBXFileReference; lastKnownFileType = text.plist.strings; name = es; path = es.lproj/Localizable.strings; sourceTree = "<group>"; };
		FC4261C92CF76FA40076BA94 /* NetworkLoginProtocol.swift */ = {isa = PBXFileReference; lastKnownFileType = sourcecode.swift; path = NetworkLoginProtocol.swift; sourceTree = "<group>"; };
		FC780CB72CF6449600D52D23 /* PracticaCombineAsync.app */ = {isa = PBXFileReference; explicitFileType = wrapper.application; includeInIndex = 0; path = PracticaCombineAsync.app; sourceTree = BUILT_PRODUCTS_DIR; };
		FC780CCD2CF6449700D52D23 /* PracticaCombineAsyncTests.xctest */ = {isa = PBXFileReference; explicitFileType = wrapper.cfbundle; includeInIndex = 0; path = PracticaCombineAsyncTests.xctest; sourceTree = BUILT_PRODUCTS_DIR; };
		FC780CEB2CF647DA00D52D23 /* AppDelegate.swift */ = {isa = PBXFileReference; lastKnownFileType = sourcecode.swift; path = AppDelegate.swift; sourceTree = "<group>"; };
		FC780CEC2CF647DA00D52D23 /* Assets.xcassets */ = {isa = PBXFileReference; lastKnownFileType = folder.assetcatalog; path = Assets.xcassets; sourceTree = "<group>"; };
		FC780CED2CF647DA00D52D23 /* Info.plist */ = {isa = PBXFileReference; lastKnownFileType = text.plist.xml; path = Info.plist; sourceTree = "<group>"; };
		FC780CEE2CF647DA00D52D23 /* Base */ = {isa = PBXFileReference; lastKnownFileType = file.storyboard; name = Base; path = Base.lproj/LaunchScreen.storyboard; sourceTree = "<group>"; };
		FC780CF22CF647DA00D52D23 /* SceneDelegate.swift */ = {isa = PBXFileReference; lastKnownFileType = sourcecode.swift; path = SceneDelegate.swift; sourceTree = "<group>"; };
		FC780D102CF64D9200D52D23 /* LoginViewController.swift */ = {isa = PBXFileReference; lastKnownFileType = sourcecode.swift; path = LoginViewController.swift; sourceTree = "<group>"; };
		FC780D142CF64F1500D52D23 /* LoginView.swift */ = {isa = PBXFileReference; lastKnownFileType = sourcecode.swift; path = LoginView.swift; sourceTree = "<group>"; };
		FC780D162CF65C4E00D52D23 /* AppState.swift */ = {isa = PBXFileReference; lastKnownFileType = sourcecode.swift; path = AppState.swift; sourceTree = "<group>"; };
		FC780D182CF65D8500D52D23 /* LoginUseCase.swift */ = {isa = PBXFileReference; lastKnownFileType = sourcecode.swift; path = LoginUseCase.swift; sourceTree = "<group>"; };
		FC780D1A2CF65D9F00D52D23 /* LoginRepositoryProtocol.swift */ = {isa = PBXFileReference; lastKnownFileType = sourcecode.swift; path = LoginRepositoryProtocol.swift; sourceTree = "<group>"; };
		FC780D1C2CF65E3300D52D23 /* LoginUseCaseProtocol.swift */ = {isa = PBXFileReference; lastKnownFileType = sourcecode.swift; path = LoginUseCaseProtocol.swift; sourceTree = "<group>"; };
		FC780D1E2CF65EA500D52D23 /* EndPoints.swift */ = {isa = PBXFileReference; lastKnownFileType = sourcecode.swift; path = EndPoints.swift; sourceTree = "<group>"; };
		FC780D202CF65F2E00D52D23 /* HTTPResponseCodes.swift */ = {isa = PBXFileReference; lastKnownFileType = sourcecode.swift; path = HTTPResponseCodes.swift; sourceTree = "<group>"; };
		FC780D222CF65F7E00D52D23 /* HTTPMethods.swift */ = {isa = PBXFileReference; lastKnownFileType = sourcecode.swift; path = HTTPMethods.swift; sourceTree = "<group>"; };
		FC780D252CF6602A00D52D23 /* ConstantsApp.swift */ = {isa = PBXFileReference; lastKnownFileType = sourcecode.swift; path = ConstantsApp.swift; sourceTree = "<group>"; };
		FC780D2C2CF6643E00D52D23 /* LoginRepository.swift */ = {isa = PBXFileReference; lastKnownFileType = sourcecode.swift; path = LoginRepository.swift; sourceTree = "<group>"; };
		FC7AEE7C2CF8D9C600DA99F2 /* PracticaCombineAsync.xctestplan */ = {isa = PBXFileReference; lastKnownFileType = text; path = PracticaCombineAsync.xctestplan; sourceTree = "<group>"; };
		FCDE1B4C2CF77A45001036A1 /* HerosModel.swift */ = {isa = PBXFileReference; lastKnownFileType = sourcecode.swift; path = HerosModel.swift; sourceTree = "<group>"; };
		FCDE1B4E2CF77C8D001036A1 /* HerosRepositoryProtocol.swift */ = {isa = PBXFileReference; lastKnownFileType = sourcecode.swift; path = HerosRepositoryProtocol.swift; sourceTree = "<group>"; };
		FCDE1B502CF77D19001036A1 /* NetworkHeros.swift */ = {isa = PBXFileReference; lastKnownFileType = sourcecode.swift; path = NetworkHeros.swift; sourceTree = "<group>"; };
		FCDE1B542CF78144001036A1 /* HerosRepository.swift */ = {isa = PBXFileReference; lastKnownFileType = sourcecode.swift; path = HerosRepository.swift; sourceTree = "<group>"; };
		FCDE1B582CF782B2001036A1 /* HerosUseCase.swift */ = {isa = PBXFileReference; lastKnownFileType = sourcecode.swift; path = HerosUseCase.swift; sourceTree = "<group>"; };
		FCFA3B9B2CF8684A007A378F /* HerosViewModel.swift */ = {isa = PBXFileReference; lastKnownFileType = sourcecode.swift; path = HerosViewModel.swift; sourceTree = "<group>"; };
		FCFA3B9D2CF8697A007A378F /* HerosTableViewController.swift */ = {isa = PBXFileReference; lastKnownFileType = sourcecode.swift; path = HerosTableViewController.swift; sourceTree = "<group>"; };
		FCFA3BA52CF87B77007A378F /* UIImage&Extensions.swift */ = {isa = PBXFileReference; lastKnownFileType = sourcecode.swift; path = "UIImage&Extensions.swift"; sourceTree = "<group>"; };
		FCFA3BA82CF87C16007A378F /* HerosTableViewCell.swift */ = {isa = PBXFileReference; lastKnownFileType = sourcecode.swift; path = HerosTableViewCell.swift; sourceTree = "<group>"; };
		FCFA3BA92CF87C16007A378F /* HerosTableViewCell.xib */ = {isa = PBXFileReference; lastKnownFileType = file.xib; path = HerosTableViewCell.xib; sourceTree = "<group>"; };
		FCFA3BAD2CF889DD007A378F /* Heros.json */ = {isa = PBXFileReference; lastKnownFileType = text.json; path = Heros.json; sourceTree = "<group>"; };
		FCFA3BB32CF8900E007A378F /* NetworkTransformations.swift */ = {isa = PBXFileReference; lastKnownFileType = sourcecode.swift; path = NetworkTransformations.swift; sourceTree = "<group>"; };
		FCFA3BB52CF8907E007A378F /* TransformationsModel.swift */ = {isa = PBXFileReference; lastKnownFileType = sourcecode.swift; path = TransformationsModel.swift; sourceTree = "<group>"; };
		FCFA3BB72CF893AD007A378F /* TransformationsRepository.swift */ = {isa = PBXFileReference; lastKnownFileType = sourcecode.swift; path = TransformationsRepository.swift; sourceTree = "<group>"; };
		FCFA3BB92CF89400007A378F /* TransformationsRepositoryProtocol.swift */ = {isa = PBXFileReference; lastKnownFileType = sourcecode.swift; path = TransformationsRepositoryProtocol.swift; sourceTree = "<group>"; };
		FCFA3BBB2CF8975B007A378F /* TransformationsUseCase.swift */ = {isa = PBXFileReference; lastKnownFileType = sourcecode.swift; path = TransformationsUseCase.swift; sourceTree = "<group>"; };
		FCFA3BBD2CF89AEE007A378F /* HeroDetailViewModel.swift */ = {isa = PBXFileReference; lastKnownFileType = sourcecode.swift; path = HeroDetailViewModel.swift; sourceTree = "<group>"; };
		FCFA3BC02CF8A041007A378F /* HeroeDetailViewController.swift */ = {isa = PBXFileReference; lastKnownFileType = sourcecode.swift; path = HeroeDetailViewController.swift; sourceTree = "<group>"; };
		FCFA3BC12CF8A041007A378F /* HeroeDetailViewController.xib */ = {isa = PBXFileReference; lastKnownFileType = file.xib; path = HeroeDetailViewController.xib; sourceTree = "<group>"; };
		FCFA3BC42CF8ABDD007A378F /* HeroeDetailCollectionViewCell.swift */ = {isa = PBXFileReference; lastKnownFileType = sourcecode.swift; path = HeroeDetailCollectionViewCell.swift; sourceTree = "<group>"; };
		FCFA3BC52CF8ABDD007A378F /* HeroeDetailCollectionViewCell.xib */ = {isa = PBXFileReference; lastKnownFileType = file.xib; path = HeroeDetailCollectionViewCell.xib; sourceTree = "<group>"; };
/* End PBXFileReference section */

/* Begin PBXFileSystemSynchronizedRootGroup section */
		FC780CD02CF6449700D52D23 /* PracticaCombineAsyncTests */ = {
			isa = PBXFileSystemSynchronizedRootGroup;
			path = PracticaCombineAsyncTests;
			sourceTree = "<group>";
		};
/* End PBXFileSystemSynchronizedRootGroup section */

/* Begin PBXFrameworksBuildPhase section */
		FC780CB42CF6449600D52D23 /* Frameworks */ = {
			isa = PBXFrameworksBuildPhase;
			buildActionMask = 2147483647;
			files = (
				FC4261B82CF72B950076BA94 /* CombineCocoa in Frameworks */,
				FC780D322CF666A400D52D23 /* KCLibrarySwift in Frameworks */,
			);
			runOnlyForDeploymentPostprocessing = 0;
		};
		FC780CCA2CF6449700D52D23 /* Frameworks */ = {
			isa = PBXFrameworksBuildPhase;
			buildActionMask = 2147483647;
			files = (
			);
			runOnlyForDeploymentPostprocessing = 0;
		};
/* End PBXFrameworksBuildPhase section */

/* Begin PBXGroup section */
		FC780CAE2CF6449600D52D23 = {
			isa = PBXGroup;
			children = (
				FC7AEE7C2CF8D9C600DA99F2 /* PracticaCombineAsync.xctestplan */,
				FC4261C12CF73C260076BA94 /* Localizable.strings */,
				FC780CF42CF647DA00D52D23 /* PracticaCombineAsync */,
				FC780CD02CF6449700D52D23 /* PracticaCombineAsyncTests */,
				FC780CB82CF6449600D52D23 /* Products */,
			);
			sourceTree = "<group>";
		};
		FC780CB82CF6449600D52D23 /* Products */ = {
			isa = PBXGroup;
			children = (
				FC780CB72CF6449600D52D23 /* PracticaCombineAsync.app */,
				FC780CCD2CF6449700D52D23 /* PracticaCombineAsyncTests.xctest */,
			);
			name = Products;
			sourceTree = "<group>";
		};
		FC780CF42CF647DA00D52D23 /* PracticaCombineAsync */ = {
			isa = PBXGroup;
			children = (
				FCFA3BAC2CF889BB007A378F /* Resources */,
				FC780CFC2CF647E700D52D23 /* Presentation */,
				FC780CFD2CF647F000D52D23 /* Domain */,
				FC780CFE2CF6486600D52D23 /* Data */,
				FC780CEB2CF647DA00D52D23 /* AppDelegate.swift */,
				FC780CEC2CF647DA00D52D23 /* Assets.xcassets */,
				FC780CED2CF647DA00D52D23 /* Info.plist */,
				FC780CEF2CF647DA00D52D23 /* LaunchScreen.storyboard */,
				FC780CF22CF647DA00D52D23 /* SceneDelegate.swift */,
			);
			path = PracticaCombineAsync;
			sourceTree = "<group>";
		};
		FC780CFC2CF647E700D52D23 /* Presentation */ = {
			isa = PBXGroup;
			children = (
				FC780D092CF64A7600D52D23 /* ViewModel */,
				FC780D082CF64A6E00D52D23 /* Views */,
			);
			path = Presentation;
			sourceTree = "<group>";
		};
		FC780CFD2CF647F000D52D23 /* Domain */ = {
			isa = PBXGroup;
			children = (
				FC780D062CF64A4F00D52D23 /* UseCases */,
				FC780D052CF64A4500D52D23 /* Entities */,
				FC780D032CF649EF00D52D23 /* Protocols */,
			);
			path = Domain;
			sourceTree = "<group>";
		};
		FC780CFE2CF6486600D52D23 /* Data */ = {
			isa = PBXGroup;
			children = (
				FC780D252CF6602A00D52D23 /* ConstantsApp.swift */,
				FC780D012CF649D700D52D23 /* Repositories */,
				FC780D002CF649D000D52D23 /* Network */,
			);
			path = Data;
			sourceTree = "<group>";
		};
		FC780D002CF649D000D52D23 /* Network */ = {
			isa = PBXGroup;
			children = (
				FC780D022CF649E100D52D23 /* BaseNetwork */,
			);
			path = Network;
			sourceTree = "<group>";
		};
		FC780D012CF649D700D52D23 /* Repositories */ = {
			isa = PBXGroup;
			children = (
				FC780D2C2CF6643E00D52D23 /* LoginRepository.swift */,
				FCDE1B542CF78144001036A1 /* HerosRepository.swift */,
				FCFA3BB72CF893AD007A378F /* TransformationsRepository.swift */,
			);
			path = Repositories;
			sourceTree = "<group>";
		};
		FC780D022CF649E100D52D23 /* BaseNetwork */ = {
			isa = PBXGroup;
			children = (
				FC4261C92CF76FA40076BA94 /* NetworkLoginProtocol.swift */,
				FC780D1E2CF65EA500D52D23 /* EndPoints.swift */,
				FC780D202CF65F2E00D52D23 /* HTTPResponseCodes.swift */,
				FC780D222CF65F7E00D52D23 /* HTTPMethods.swift */,
				FCDE1B502CF77D19001036A1 /* NetworkHeros.swift */,
				FCFA3BB32CF8900E007A378F /* NetworkTransformations.swift */,
			);
			path = BaseNetwork;
			sourceTree = "<group>";
		};
		FC780D032CF649EF00D52D23 /* Protocols */ = {
			isa = PBXGroup;
			children = (
				FC780D1C2CF65E3300D52D23 /* LoginUseCaseProtocol.swift */,
				FC780D1A2CF65D9F00D52D23 /* LoginRepositoryProtocol.swift */,
				FCDE1B4E2CF77C8D001036A1 /* HerosRepositoryProtocol.swift */,
				FCFA3BB92CF89400007A378F /* TransformationsRepositoryProtocol.swift */,
			);
			path = Protocols;
			sourceTree = "<group>";
		};
		FC780D052CF64A4500D52D23 /* Entities */ = {
			isa = PBXGroup;
			children = (
				FCFA3BB52CF8907E007A378F /* TransformationsModel.swift */,
				FCDE1B4C2CF77A45001036A1 /* HerosModel.swift */,
			);
			path = Entities;
			sourceTree = "<group>";
		};
		FC780D062CF64A4F00D52D23 /* UseCases */ = {
			isa = PBXGroup;
			children = (
				FCDE1B582CF782B2001036A1 /* HerosUseCase.swift */,
				FC780D182CF65D8500D52D23 /* LoginUseCase.swift */,
				FCFA3BBB2CF8975B007A378F /* TransformationsUseCase.swift */,
			);
			path = UseCases;
			sourceTree = "<group>";
		};
		FC780D082CF64A6E00D52D23 /* Views */ = {
			isa = PBXGroup;
			children = (
				FCFA3BBF2CF8A020007A378F /* HeroDetail */,
				FCFA3BA52CF87B77007A378F /* UIImage&Extensions.swift */,
				FC780D0E2CF64AA000D52D23 /* Error */,
				FC780D0D2CF64A9B00D52D23 /* Home */,
				FC780D0C2CF64A9500D52D23 /* Login */,
			);
			path = Views;
			sourceTree = "<group>";
		};
		FC780D092CF64A7600D52D23 /* ViewModel */ = {
			isa = PBXGroup;
			children = (
				FCFA3B9B2CF8684A007A378F /* HerosViewModel.swift */,
				FC780D162CF65C4E00D52D23 /* AppState.swift */,
				FCFA3BBD2CF89AEE007A378F /* HeroDetailViewModel.swift */,
			);
			path = ViewModel;
			sourceTree = "<group>";
		};
		FC780D0C2CF64A9500D52D23 /* Login */ = {
			isa = PBXGroup;
			children = (
				FC780D102CF64D9200D52D23 /* LoginViewController.swift */,
				FC780D142CF64F1500D52D23 /* LoginView.swift */,
			);
			path = Login;
			sourceTree = "<group>";
		};
		FC780D0D2CF64A9B00D52D23 /* Home */ = {
			isa = PBXGroup;
			children = (
				FCFA3BA72CF87BC4007A378F /* Cells */,
				FCFA3B9D2CF8697A007A378F /* HerosTableViewController.swift */,
			);
			path = Home;
			sourceTree = "<group>";
		};
		FC780D0E2CF64AA000D52D23 /* Error */ = {
			isa = PBXGroup;
			children = (
				FC4261B92CF730CD0076BA94 /* ErrorViewController.swift */,
				FC4261BA2CF730CD0076BA94 /* ErrorViewController.xib */,
			);
			path = Error;
			sourceTree = "<group>";
		};
		FCFA3BA72CF87BC4007A378F /* Cells */ = {
			isa = PBXGroup;
			children = (
				FCFA3BA82CF87C16007A378F /* HerosTableViewCell.swift */,
				FCFA3BA92CF87C16007A378F /* HerosTableViewCell.xib */,
				FCFA3BC42CF8ABDD007A378F /* HeroeDetailCollectionViewCell.swift */,
				FCFA3BC52CF8ABDD007A378F /* HeroeDetailCollectionViewCell.xib */,
			);
			path = Cells;
			sourceTree = "<group>";
		};
		FCFA3BAC2CF889BB007A378F /* Resources */ = {
			isa = PBXGroup;
			children = (
				FCFA3BAD2CF889DD007A378F /* Heros.json */,
			);
			path = Resources;
			sourceTree = "<group>";
		};
		FCFA3BBF2CF8A020007A378F /* HeroDetail */ = {
			isa = PBXGroup;
			children = (
				FCFA3BC02CF8A041007A378F /* HeroeDetailViewController.swift */,
				FCFA3BC12CF8A041007A378F /* HeroeDetailViewController.xib */,
			);
			path = HeroDetail;
			sourceTree = "<group>";
		};
/* End PBXGroup section */

/* Begin PBXNativeTarget section */
		FC780CB62CF6449600D52D23 /* PracticaCombineAsync */ = {
			isa = PBXNativeTarget;
			buildConfigurationList = FC780CE02CF6449700D52D23 /* Build configuration list for PBXNativeTarget "PracticaCombineAsync" */;
			buildPhases = (
				FC780CB32CF6449600D52D23 /* Sources */,
				FC780CB42CF6449600D52D23 /* Frameworks */,
				FC780CB52CF6449600D52D23 /* Resources */,
			);
			buildRules = (
			);
			dependencies = (
			);
			name = PracticaCombineAsync;
			packageProductDependencies = (
				FC780D312CF666A400D52D23 /* KCLibrarySwift */,
				FC4261B72CF72B950076BA94 /* CombineCocoa */,
			);
			productName = PracticaCombineAsync;
			productReference = FC780CB72CF6449600D52D23 /* PracticaCombineAsync.app */;
			productType = "com.apple.product-type.application";
		};
		FC780CCC2CF6449700D52D23 /* PracticaCombineAsyncTests */ = {
			isa = PBXNativeTarget;
			buildConfigurationList = FC780CE52CF6449700D52D23 /* Build configuration list for PBXNativeTarget "PracticaCombineAsyncTests" */;
			buildPhases = (
				FC780CC92CF6449700D52D23 /* Sources */,
				FC780CCA2CF6449700D52D23 /* Frameworks */,
				FC780CCB2CF6449700D52D23 /* Resources */,
			);
			buildRules = (
			);
			dependencies = (
				FC780CCF2CF6449700D52D23 /* PBXTargetDependency */,
			);
			fileSystemSynchronizedGroups = (
				FC780CD02CF6449700D52D23 /* PracticaCombineAsyncTests */,
			);
			name = PracticaCombineAsyncTests;
			packageProductDependencies = (
			);
			productName = PracticaCombineAsyncTests;
			productReference = FC780CCD2CF6449700D52D23 /* PracticaCombineAsyncTests.xctest */;
			productType = "com.apple.product-type.bundle.unit-test";
		};
/* End PBXNativeTarget section */

/* Begin PBXProject section */
		FC780CAF2CF6449600D52D23 /* Project object */ = {
			isa = PBXProject;
			attributes = {
				BuildIndependentTargetsInParallel = 1;
				LastSwiftUpdateCheck = 1610;
				LastUpgradeCheck = 1610;
				TargetAttributes = {
					FC780CB62CF6449600D52D23 = {
						CreatedOnToolsVersion = 16.1;
					};
					FC780CCC2CF6449700D52D23 = {
						CreatedOnToolsVersion = 16.1;
						TestTargetID = FC780CB62CF6449600D52D23;
					};
				};
			};
			buildConfigurationList = FC780CB22CF6449600D52D23 /* Build configuration list for PBXProject "PracticaCombineAsync" */;
			developmentRegion = en;
			hasScannedForEncodings = 0;
			knownRegions = (
				en,
				Base,
				es,
			);
			mainGroup = FC780CAE2CF6449600D52D23;
			minimizedProjectReferenceProxies = 1;
			packageReferences = (
				FC780D302CF666A400D52D23 /* XCRemoteSwiftPackageReference "KCLibrarySwift" */,
				FC4261B62CF72B950076BA94 /* XCRemoteSwiftPackageReference "CombineCocoa" */,
			);
			preferredProjectObjectVersion = 77;
			productRefGroup = FC780CB82CF6449600D52D23 /* Products */;
			projectDirPath = "";
			projectRoot = "";
			targets = (
				FC780CB62CF6449600D52D23 /* PracticaCombineAsync */,
				FC780CCC2CF6449700D52D23 /* PracticaCombineAsyncTests */,
			);
		};
/* End PBXProject section */

/* Begin PBXResourcesBuildPhase section */
		FC780CB52CF6449600D52D23 /* Resources */ = {
			isa = PBXResourcesBuildPhase;
			buildActionMask = 2147483647;
			files = (
				FC4261C42CF73C260076BA94 /* Localizable.strings in Resources */,
				FCFA3BAB2CF87C16007A378F /* HerosTableViewCell.xib in Resources */,
				FCFA3BAE2CF889DD007A378F /* Heros.json in Resources */,
				FC4261BB2CF730CD0076BA94 /* ErrorViewController.xib in Resources */,
				FC780CF82CF647DA00D52D23 /* Assets.xcassets in Resources */,
				FCFA3BC72CF8ABDD007A378F /* HeroeDetailCollectionViewCell.xib in Resources */,
				FC780CFA2CF647DA00D52D23 /* LaunchScreen.storyboard in Resources */,
				FCFA3BC32CF8A041007A378F /* HeroeDetailViewController.xib in Resources */,
			);
			runOnlyForDeploymentPostprocessing = 0;
		};
		FC780CCB2CF6449700D52D23 /* Resources */ = {
			isa = PBXResourcesBuildPhase;
			buildActionMask = 2147483647;
			files = (
				FC4261C32CF73C260076BA94 /* Localizable.strings in Resources */,
			);
			runOnlyForDeploymentPostprocessing = 0;
		};
/* End PBXResourcesBuildPhase section */

/* Begin PBXSourcesBuildPhase section */
		FC780CB32CF6449600D52D23 /* Sources */ = {
			isa = PBXSourcesBuildPhase;
			buildActionMask = 2147483647;
			files = (
				FCDE1B4D2CF77A4E001036A1 /* HerosModel.swift in Sources */,
				FCDE1B552CF78144001036A1 /* HerosRepository.swift in Sources */,
				FC780D1B2CF65DAC00D52D23 /* LoginRepositoryProtocol.swift in Sources */,
				FCFA3BC62CF8ABDD007A378F /* HeroeDetailCollectionViewCell.swift in Sources */,
				FCFA3BC22CF8A041007A378F /* HeroeDetailViewController.swift in Sources */,
				FCDE1B592CF782B2001036A1 /* HerosUseCase.swift in Sources */,
				FC780D1F2CF65EA900D52D23 /* EndPoints.swift in Sources */,
				FC780D1D2CF65E3C00D52D23 /* LoginUseCaseProtocol.swift in Sources */,
				FCFA3B9C2CF8684A007A378F /* HerosViewModel.swift in Sources */,
				FC780D132CF64D9200D52D23 /* LoginViewController.swift in Sources */,
				FCDE1B512CF77D19001036A1 /* NetworkHeros.swift in Sources */,
				FCFA3BBE2CF89AEE007A378F /* HeroDetailViewModel.swift in Sources */,
				FCFA3BA62CF87B7F007A378F /* UIImage&Extensions.swift in Sources */,
				FCFA3BB82CF893AD007A378F /* TransformationsRepository.swift in Sources */,
				FC780D172CF65C4E00D52D23 /* AppState.swift in Sources */,
				FC780D2D2CF6643E00D52D23 /* LoginRepository.swift in Sources */,
				FC780CF52CF647DA00D52D23 /* AppDelegate.swift in Sources */,
				FCFA3BAA2CF87C16007A378F /* HerosTableViewCell.swift in Sources */,
				FCFA3BB62CF8908A007A378F /* TransformationsModel.swift in Sources */,
				FC780D152CF64F1500D52D23 /* LoginView.swift in Sources */,
				FC780D262CF6602A00D52D23 /* ConstantsApp.swift in Sources */,
				FCFA3BB42CF8900E007A378F /* NetworkTransformations.swift in Sources */,
				FCFA3B9E2CF8697A007A378F /* HerosTableViewController.swift in Sources */,
				FCDE1B4F2CF77C8D001036A1 /* HerosRepositoryProtocol.swift in Sources */,
				FC4261CA2CF76FA40076BA94 /* NetworkLoginProtocol.swift in Sources */,
				FC780D212CF65F2E00D52D23 /* HTTPResponseCodes.swift in Sources */,
				FC780CF62CF647DA00D52D23 /* SceneDelegate.swift in Sources */,
				FC780D192CF65D8500D52D23 /* LoginUseCase.swift in Sources */,
				FC780D232CF65F7E00D52D23 /* HTTPMethods.swift in Sources */,
				FCFA3BBA2CF89400007A378F /* TransformationsRepositoryProtocol.swift in Sources */,
				FC4261BC2CF730CD0076BA94 /* ErrorViewController.swift in Sources */,
				FCFA3BBC2CF8975B007A378F /* TransformationsUseCase.swift in Sources */,
			);
			runOnlyForDeploymentPostprocessing = 0;
		};
		FC780CC92CF6449700D52D23 /* Sources */ = {
			isa = PBXSourcesBuildPhase;
			buildActionMask = 2147483647;
			files = (
			);
			runOnlyForDeploymentPostprocessing = 0;
		};
/* End PBXSourcesBuildPhase section */

/* Begin PBXTargetDependency section */
		FC780CCF2CF6449700D52D23 /* PBXTargetDependency */ = {
			isa = PBXTargetDependency;
			target = FC780CB62CF6449600D52D23 /* PracticaCombineAsync */;
			targetProxy = FC780CCE2CF6449700D52D23 /* PBXContainerItemProxy */;
		};
/* End PBXTargetDependency section */

/* Begin PBXVariantGroup section */
		FC4261C12CF73C260076BA94 /* Localizable.strings */ = {
			isa = PBXVariantGroup;
			children = (
				FC4261C22CF73C260076BA94 /* en */,
				FC4261C62CF73CF60076BA94 /* es */,
			);
			name = Localizable.strings;
			sourceTree = "<group>";
		};
		FC780CEF2CF647DA00D52D23 /* LaunchScreen.storyboard */ = {
			isa = PBXVariantGroup;
			children = (
				FC780CEE2CF647DA00D52D23 /* Base */,
				FC4261C52CF73CEE0076BA94 /* es */,
			);
			name = LaunchScreen.storyboard;
			sourceTree = "<group>";
		};
/* End PBXVariantGroup section */

/* Begin XCBuildConfiguration section */
		FC780CE12CF6449700D52D23 /* Debug */ = {
			isa = XCBuildConfiguration;
			buildSettings = {
				ASSETCATALOG_COMPILER_APPICON_NAME = AppIcon;
				ASSETCATALOG_COMPILER_GLOBAL_ACCENT_COLOR_NAME = AccentColor;
				CODE_SIGN_STYLE = Automatic;
				CURRENT_PROJECT_VERSION = 1;
				DEVELOPMENT_TEAM = T5K323YN9M;
				GENERATE_INFOPLIST_FILE = YES;
				INFOPLIST_FILE = PracticaCombineAsync/Info.plist;
				INFOPLIST_KEY_CFBundleDisplayName = "Practica Modulo Async/Reactive";
				INFOPLIST_KEY_UIApplicationSupportsIndirectInputEvents = YES;
				INFOPLIST_KEY_UILaunchStoryboardName = LaunchScreen;
				INFOPLIST_KEY_UISupportedInterfaceOrientations = UIInterfaceOrientationPortrait;
				INFOPLIST_KEY_UISupportedInterfaceOrientations_iPad = "UIInterfaceOrientationLandscapeLeft UIInterfaceOrientationLandscapeRight UIInterfaceOrientationPortrait UIInterfaceOrientationPortraitUpsideDown";
				LD_RUNPATH_SEARCH_PATHS = (
					"$(inherited)",
					"@executable_path/Frameworks",
				);
				MARKETING_VERSION = 1.0;
				PRODUCT_BUNDLE_IDENTIFIER = com.JorgeNavi.PracticaCombineAsync;
				PRODUCT_NAME = "$(TARGET_NAME)";
				SUPPORTED_PLATFORMS = "iphoneos iphonesimulator";
				SUPPORTS_MACCATALYST = NO;
				SUPPORTS_MAC_DESIGNED_FOR_IPHONE_IPAD = NO;
				SUPPORTS_XR_DESIGNED_FOR_IPHONE_IPAD = NO;
				SWIFT_EMIT_LOC_STRINGS = YES;
				SWIFT_VERSION = 5.0;
				TARGETED_DEVICE_FAMILY = 1;
			};
			name = Debug;
		};
		FC780CE22CF6449700D52D23 /* Release */ = {
			isa = XCBuildConfiguration;
			buildSettings = {
				ASSETCATALOG_COMPILER_APPICON_NAME = AppIcon;
				ASSETCATALOG_COMPILER_GLOBAL_ACCENT_COLOR_NAME = AccentColor;
				CODE_SIGN_STYLE = Automatic;
				CURRENT_PROJECT_VERSION = 1;
				DEVELOPMENT_TEAM = T5K323YN9M;
				GENERATE_INFOPLIST_FILE = YES;
				INFOPLIST_FILE = PracticaCombineAsync/Info.plist;
				INFOPLIST_KEY_CFBundleDisplayName = "Practica Modulo Async/Reactive";
				INFOPLIST_KEY_UIApplicationSupportsIndirectInputEvents = YES;
				INFOPLIST_KEY_UILaunchStoryboardName = LaunchScreen;
				INFOPLIST_KEY_UISupportedInterfaceOrientations = UIInterfaceOrientationPortrait;
				INFOPLIST_KEY_UISupportedInterfaceOrientations_iPad = "UIInterfaceOrientationLandscapeLeft UIInterfaceOrientationLandscapeRight UIInterfaceOrientationPortrait UIInterfaceOrientationPortraitUpsideDown";
				LD_RUNPATH_SEARCH_PATHS = (
					"$(inherited)",
					"@executable_path/Frameworks",
				);
				MARKETING_VERSION = 1.0;
				PRODUCT_BUNDLE_IDENTIFIER = com.JorgeNavi.PracticaCombineAsync;
				PRODUCT_NAME = "$(TARGET_NAME)";
				SUPPORTED_PLATFORMS = "iphoneos iphonesimulator";
				SUPPORTS_MACCATALYST = NO;
				SUPPORTS_MAC_DESIGNED_FOR_IPHONE_IPAD = NO;
				SUPPORTS_XR_DESIGNED_FOR_IPHONE_IPAD = NO;
				SWIFT_EMIT_LOC_STRINGS = YES;
				SWIFT_VERSION = 5.0;
				TARGETED_DEVICE_FAMILY = 1;
			};
			name = Release;
		};
		FC780CE32CF6449700D52D23 /* Debug */ = {
			isa = XCBuildConfiguration;
			buildSettings = {
				ALWAYS_SEARCH_USER_PATHS = NO;
				ASSETCATALOG_COMPILER_GENERATE_SWIFT_ASSET_SYMBOL_EXTENSIONS = YES;
				CLANG_ANALYZER_LOCALIZABILITY_NONLOCALIZED = YES;
				CLANG_ANALYZER_NONNULL = YES;
				CLANG_ANALYZER_NUMBER_OBJECT_CONVERSION = YES_AGGRESSIVE;
				CLANG_CXX_LANGUAGE_STANDARD = "gnu++20";
				CLANG_ENABLE_MODULES = YES;
				CLANG_ENABLE_OBJC_ARC = YES;
				CLANG_ENABLE_OBJC_WEAK = YES;
				CLANG_WARN_BLOCK_CAPTURE_AUTORELEASING = YES;
				CLANG_WARN_BOOL_CONVERSION = YES;
				CLANG_WARN_COMMA = YES;
				CLANG_WARN_CONSTANT_CONVERSION = YES;
				CLANG_WARN_DEPRECATED_OBJC_IMPLEMENTATIONS = YES;
				CLANG_WARN_DIRECT_OBJC_ISA_USAGE = YES_ERROR;
				CLANG_WARN_DOCUMENTATION_COMMENTS = YES;
				CLANG_WARN_EMPTY_BODY = YES;
				CLANG_WARN_ENUM_CONVERSION = YES;
				CLANG_WARN_INFINITE_RECURSION = YES;
				CLANG_WARN_INT_CONVERSION = YES;
				CLANG_WARN_NON_LITERAL_NULL_CONVERSION = YES;
				CLANG_WARN_OBJC_IMPLICIT_RETAIN_SELF = YES;
				CLANG_WARN_OBJC_LITERAL_CONVERSION = YES;
				CLANG_WARN_OBJC_ROOT_CLASS = YES_ERROR;
				CLANG_WARN_QUOTED_INCLUDE_IN_FRAMEWORK_HEADER = YES;
				CLANG_WARN_RANGE_LOOP_ANALYSIS = YES;
				CLANG_WARN_STRICT_PROTOTYPES = YES;
				CLANG_WARN_SUSPICIOUS_MOVE = YES;
				CLANG_WARN_UNGUARDED_AVAILABILITY = YES_AGGRESSIVE;
				CLANG_WARN_UNREACHABLE_CODE = YES;
				CLANG_WARN__DUPLICATE_METHOD_MATCH = YES;
				COPY_PHASE_STRIP = NO;
				DEBUG_INFORMATION_FORMAT = dwarf;
				ENABLE_STRICT_OBJC_MSGSEND = YES;
				ENABLE_TESTABILITY = YES;
				ENABLE_USER_SCRIPT_SANDBOXING = YES;
				GCC_C_LANGUAGE_STANDARD = gnu17;
				GCC_DYNAMIC_NO_PIC = NO;
				GCC_NO_COMMON_BLOCKS = YES;
				GCC_OPTIMIZATION_LEVEL = 0;
				GCC_PREPROCESSOR_DEFINITIONS = (
					"DEBUG=1",
					"$(inherited)",
				);
				GCC_WARN_64_TO_32_BIT_CONVERSION = YES;
				GCC_WARN_ABOUT_RETURN_TYPE = YES_ERROR;
				GCC_WARN_UNDECLARED_SELECTOR = YES;
				GCC_WARN_UNINITIALIZED_AUTOS = YES_AGGRESSIVE;
				GCC_WARN_UNUSED_FUNCTION = YES;
				GCC_WARN_UNUSED_VARIABLE = YES;
				IPHONEOS_DEPLOYMENT_TARGET = 18.1;
				LOCALIZATION_PREFERS_STRING_CATALOGS = YES;
				MTL_ENABLE_DEBUG_INFO = INCLUDE_SOURCE;
				MTL_FAST_MATH = YES;
				ONLY_ACTIVE_ARCH = YES;
				SDKROOT = iphoneos;
				SWIFT_ACTIVE_COMPILATION_CONDITIONS = "DEBUG $(inherited)";
				SWIFT_OPTIMIZATION_LEVEL = "-Onone";
			};
			name = Debug;
		};
		FC780CE42CF6449700D52D23 /* Release */ = {
			isa = XCBuildConfiguration;
			buildSettings = {
				ALWAYS_SEARCH_USER_PATHS = NO;
				ASSETCATALOG_COMPILER_GENERATE_SWIFT_ASSET_SYMBOL_EXTENSIONS = YES;
				CLANG_ANALYZER_LOCALIZABILITY_NONLOCALIZED = YES;
				CLANG_ANALYZER_NONNULL = YES;
				CLANG_ANALYZER_NUMBER_OBJECT_CONVERSION = YES_AGGRESSIVE;
				CLANG_CXX_LANGUAGE_STANDARD = "gnu++20";
				CLANG_ENABLE_MODULES = YES;
				CLANG_ENABLE_OBJC_ARC = YES;
				CLANG_ENABLE_OBJC_WEAK = YES;
				CLANG_WARN_BLOCK_CAPTURE_AUTORELEASING = YES;
				CLANG_WARN_BOOL_CONVERSION = YES;
				CLANG_WARN_COMMA = YES;
				CLANG_WARN_CONSTANT_CONVERSION = YES;
				CLANG_WARN_DEPRECATED_OBJC_IMPLEMENTATIONS = YES;
				CLANG_WARN_DIRECT_OBJC_ISA_USAGE = YES_ERROR;
				CLANG_WARN_DOCUMENTATION_COMMENTS = YES;
				CLANG_WARN_EMPTY_BODY = YES;
				CLANG_WARN_ENUM_CONVERSION = YES;
				CLANG_WARN_INFINITE_RECURSION = YES;
				CLANG_WARN_INT_CONVERSION = YES;
				CLANG_WARN_NON_LITERAL_NULL_CONVERSION = YES;
				CLANG_WARN_OBJC_IMPLICIT_RETAIN_SELF = YES;
				CLANG_WARN_OBJC_LITERAL_CONVERSION = YES;
				CLANG_WARN_OBJC_ROOT_CLASS = YES_ERROR;
				CLANG_WARN_QUOTED_INCLUDE_IN_FRAMEWORK_HEADER = YES;
				CLANG_WARN_RANGE_LOOP_ANALYSIS = YES;
				CLANG_WARN_STRICT_PROTOTYPES = YES;
				CLANG_WARN_SUSPICIOUS_MOVE = YES;
				CLANG_WARN_UNGUARDED_AVAILABILITY = YES_AGGRESSIVE;
				CLANG_WARN_UNREACHABLE_CODE = YES;
				CLANG_WARN__DUPLICATE_METHOD_MATCH = YES;
				COPY_PHASE_STRIP = NO;
				DEBUG_INFORMATION_FORMAT = "dwarf-with-dsym";
				ENABLE_NS_ASSERTIONS = NO;
				ENABLE_STRICT_OBJC_MSGSEND = YES;
				ENABLE_USER_SCRIPT_SANDBOXING = YES;
				GCC_C_LANGUAGE_STANDARD = gnu17;
				GCC_NO_COMMON_BLOCKS = YES;
				GCC_WARN_64_TO_32_BIT_CONVERSION = YES;
				GCC_WARN_ABOUT_RETURN_TYPE = YES_ERROR;
				GCC_WARN_UNDECLARED_SELECTOR = YES;
				GCC_WARN_UNINITIALIZED_AUTOS = YES_AGGRESSIVE;
				GCC_WARN_UNUSED_FUNCTION = YES;
				GCC_WARN_UNUSED_VARIABLE = YES;
				IPHONEOS_DEPLOYMENT_TARGET = 18.1;
				LOCALIZATION_PREFERS_STRING_CATALOGS = YES;
				MTL_ENABLE_DEBUG_INFO = NO;
				MTL_FAST_MATH = YES;
				SDKROOT = iphoneos;
				SWIFT_COMPILATION_MODE = wholemodule;
				VALIDATE_PRODUCT = YES;
			};
			name = Release;
		};
		FC780CE62CF6449700D52D23 /* Debug */ = {
			isa = XCBuildConfiguration;
			buildSettings = {
				BUNDLE_LOADER = "$(TEST_HOST)";
				CODE_SIGN_STYLE = Automatic;
				CURRENT_PROJECT_VERSION = 1;
				DEVELOPMENT_TEAM = T5K323YN9M;
				GENERATE_INFOPLIST_FILE = YES;
				IPHONEOS_DEPLOYMENT_TARGET = 18.1;
				MARKETING_VERSION = 1.0;
				PRODUCT_BUNDLE_IDENTIFIER = com.JorgeNavi.PracticaCombineAsyncTests;
				PRODUCT_NAME = "$(TARGET_NAME)";
				SUPPORTED_PLATFORMS = "iphoneos iphonesimulator";
				SUPPORTS_MACCATALYST = NO;
				SUPPORTS_MAC_DESIGNED_FOR_IPHONE_IPAD = NO;
				SUPPORTS_XR_DESIGNED_FOR_IPHONE_IPAD = NO;
				SWIFT_EMIT_LOC_STRINGS = NO;
				SWIFT_VERSION = 5.0;
				TARGETED_DEVICE_FAMILY = 1;
				TEST_HOST = "$(BUILT_PRODUCTS_DIR)/PracticaCombineAsync.app/$(BUNDLE_EXECUTABLE_FOLDER_PATH)/PracticaCombineAsync";
			};
			name = Debug;
		};
		FC780CE72CF6449700D52D23 /* Release */ = {
			isa = XCBuildConfiguration;
			buildSettings = {
				BUNDLE_LOADER = "$(TEST_HOST)";
				CODE_SIGN_STYLE = Automatic;
				CURRENT_PROJECT_VERSION = 1;
				DEVELOPMENT_TEAM = T5K323YN9M;
				GENERATE_INFOPLIST_FILE = YES;
				IPHONEOS_DEPLOYMENT_TARGET = 18.1;
				MARKETING_VERSION = 1.0;
				PRODUCT_BUNDLE_IDENTIFIER = com.JorgeNavi.PracticaCombineAsyncTests;
				PRODUCT_NAME = "$(TARGET_NAME)";
				SUPPORTED_PLATFORMS = "iphoneos iphonesimulator";
				SUPPORTS_MACCATALYST = NO;
				SUPPORTS_MAC_DESIGNED_FOR_IPHONE_IPAD = NO;
				SUPPORTS_XR_DESIGNED_FOR_IPHONE_IPAD = NO;
				SWIFT_EMIT_LOC_STRINGS = NO;
				SWIFT_VERSION = 5.0;
				TARGETED_DEVICE_FAMILY = 1;
				TEST_HOST = "$(BUILT_PRODUCTS_DIR)/PracticaCombineAsync.app/$(BUNDLE_EXECUTABLE_FOLDER_PATH)/PracticaCombineAsync";
			};
			name = Release;
		};
/* End XCBuildConfiguration section */

/* Begin XCConfigurationList section */
		FC780CB22CF6449600D52D23 /* Build configuration list for PBXProject "PracticaCombineAsync" */ = {
			isa = XCConfigurationList;
			buildConfigurations = (
				FC780CE32CF6449700D52D23 /* Debug */,
				FC780CE42CF6449700D52D23 /* Release */,
			);
			defaultConfigurationIsVisible = 0;
			defaultConfigurationName = Release;
		};
		FC780CE02CF6449700D52D23 /* Build configuration list for PBXNativeTarget "PracticaCombineAsync" */ = {
			isa = XCConfigurationList;
			buildConfigurations = (
				FC780CE12CF6449700D52D23 /* Debug */,
				FC780CE22CF6449700D52D23 /* Release */,
			);
			defaultConfigurationIsVisible = 0;
			defaultConfigurationName = Release;
		};
		FC780CE52CF6449700D52D23 /* Build configuration list for PBXNativeTarget "PracticaCombineAsyncTests" */ = {
			isa = XCConfigurationList;
			buildConfigurations = (
				FC780CE62CF6449700D52D23 /* Debug */,
				FC780CE72CF6449700D52D23 /* Release */,
			);
			defaultConfigurationIsVisible = 0;
			defaultConfigurationName = Release;
		};
/* End XCConfigurationList section */

/* Begin XCRemoteSwiftPackageReference section */
		FC4261B62CF72B950076BA94 /* XCRemoteSwiftPackageReference "CombineCocoa" */ = {
			isa = XCRemoteSwiftPackageReference;
			repositoryURL = "https://github.com/CombineCommunity/CombineCocoa";
			requirement = {
				kind = upToNextMajorVersion;
				minimumVersion = 0.4.1;
			};
		};
		FC780D302CF666A400D52D23 /* XCRemoteSwiftPackageReference "KCLibrarySwift" */ = {
			isa = XCRemoteSwiftPackageReference;
			repositoryURL = "https://github.com/JorgeNavi/KCLibrarySwift.git";
			requirement = {
				kind = upToNextMajorVersion;
				minimumVersion = 0.0.2;
			};
		};
/* End XCRemoteSwiftPackageReference section */

/* Begin XCSwiftPackageProductDependency section */
		FC4261B72CF72B950076BA94 /* CombineCocoa */ = {
			isa = XCSwiftPackageProductDependency;
			package = FC4261B62CF72B950076BA94 /* XCRemoteSwiftPackageReference "CombineCocoa" */;
			productName = CombineCocoa;
		};
		FC780D312CF666A400D52D23 /* KCLibrarySwift */ = {
			isa = XCSwiftPackageProductDependency;
			package = FC780D302CF666A400D52D23 /* XCRemoteSwiftPackageReference "KCLibrarySwift" */;
			productName = KCLibrarySwift;
		};
/* End XCSwiftPackageProductDependency section */
	};
	rootObject = FC780CAF2CF6449600D52D23 /* Project object */;
}
