{
  "originHash" : "35bbf051e478f5a7bffd36c18fcb4e70aaa243e9af1f728494c9cb2b16eca235",
  "pins" : [
    {
      "identity" : "combinecocoa",
      "kind" : "remoteSourceControl",
      "location" : "https://github.com/CombineCommunity/CombineCocoa",
      "state" : {
        "revision" : "7300c75ff9e072aa7fd0fccefcc88f74aae9bf56",
        "version" : "0.4.1"
      }
    },
    {
      "identity" : "kclibraryswift",
      "kind" : "remoteSourceControl",
      "location" : "https://github.com/JorgeNavi/KCLibrarySwift.git",
      "state" : {
        "revision" : "e8c081ddc86a01b9234a85ab67f9a1c56b26e0e1",
        "version" : "0.0.2"
      }
    },
    {
      "identity" : "keychain-swift",
      "kind" : "remoteSourceControl",
      "location" : "https://github.com/evgenyneu/keychain-swift.git",
      "state" : {
        "revision" : "d108a1fa6189e661f91560548ef48651ed8d93b9",
        "version" : "20.0.0"
      }
    }
  ],
  "version" : 3
}
